{
  "name": "@ximdex/xdam",
  "version": "0.0.1",
  "lockfileVersion": 1,
  "requires": true,
  "dependencies": {
    "@fortawesome/angular-fontawesome": {
      "version": "0.3.0",
      "resolved": "https://registry.npmjs.org/@fortawesome/angular-fontawesome/-/angular-fontawesome-0.3.0.tgz",
      "integrity": "sha512-wXvyPI7GidoNiqeMz2re9iemUMFH4zBmuv94CfXlaanQ8+kMP/fYs/k69PLVN1KsebQY4kRA9GHmc1U1ndBkJg==",
      "requires": {
        "tslib": "^1.9.0"
      }
    },
    "@fortawesome/fontawesome-common-types": {
      "version": "0.2.12",
      "resolved": "https://registry.npmjs.org/@fortawesome/fontawesome-common-types/-/fontawesome-common-types-0.2.12.tgz",
      "integrity": "sha512-ISLNpEx6fhJTYYkvBeo/4DHeL5EIA+VybJoOOnH67m6uXt6V6VFizdEN4qchHagNIeZfzI0LnA22gk0wbVPv/g=="
    },
    "@fortawesome/fontawesome-svg-core": {
      "version": "1.2.12",
      "resolved": "https://registry.npmjs.org/@fortawesome/fontawesome-svg-core/-/fontawesome-svg-core-1.2.12.tgz",
      "integrity": "sha512-cqTfa3vZ+Z9UYQnmLfCOwyLnf0Xcoxkmm/BSaI29Yikzu9zIeD4es7lBZMDqLOXYSEQC+rCr8caxFlGJcJVA+w==",
      "requires": {
        "@fortawesome/fontawesome-common-types": "^0.2.12"
      }
    },
    "@fortawesome/free-solid-svg-icons": {
      "version": "5.6.3",
      "resolved": "https://registry.npmjs.org/@fortawesome/free-solid-svg-icons/-/free-solid-svg-icons-5.6.3.tgz",
      "integrity": "sha512-ld8Gfp1KrncOpFRheThUDlD6/Ro9ZJGqfCEMXlO/x1Cg7ltLc5iYDG7yxDowLcmFY2BGSmxIIU3ZMW5FVTrfwQ==",
      "requires": {
        "@fortawesome/fontawesome-common-types": "^0.2.12"
      }
    },
    "ngx-smart-modal": {
      "version": "7.1.1",
      "resolved": "https://registry.npmjs.org/ngx-smart-modal/-/ngx-smart-modal-7.1.1.tgz",
      "integrity": "sha512-o7Cea8eqdBzzmxh2xX0KoSui7abReCGeInSal6Um6ZeidYnxwcUf9bA2G1LF6sjjO2WhnGshAIaSRQqfqAJ3TA=="
    },
    "ramda": {
      "version": "0.26.1",
      "resolved": "https://registry.npmjs.org/ramda/-/ramda-0.26.1.tgz",
      "integrity": "sha512-hLWjpy7EnsDBb0p+Z3B7rPi3GDeRG5ZtiI33kJhTt+ORCd38AbAIjB/9zRIUoeTbE/AVX5ZkU7m6bznsvrf8eQ=="
    },
    "tslib": {
      "version": "1.9.3",
      "resolved": "https://registry.npmjs.org/tslib/-/tslib-1.9.3.tgz",
      "integrity": "sha512-4krF8scpejhaOgqzBEcGM7yDIEfi0/8+8zDRZhNZZ2kjmHJ4hv3zCbQWxoJGz1iw5U0Jl0nma13xzHXcncMavQ=="
    }
  }
}
